<?xml version="1.0" encoding="utf-8"?>
<Project ToolsVersion="4.0" xmlns="http://schemas.microsoft.com/developer/msbuild/2003">
  <ItemGroup>
    <Filter Include="resource files">
      <UniqueIdentifier>{67DA6AB6-F800-4c08-8B7A-83BB121AAD01}</UniqueIdentifier>
      <Extensions>rc;ico;cur;bmp;dlg;rc2;rct;bin;rgs;gif;jpg;jpeg;jpe;resx;tiff;tif;png;wav;mfcribbon-ms</Extensions>
    </Filter>
    <Filter Include="source files">
      <UniqueIdentifier>{4FC737F1-C7A5-4376-A066-2A32D752A2FF}</UniqueIdentifier>
      <Extensions>cpp;c;cc;cxx;def;odl;idl;hpj;bat;asm;asmx</Extensions>
    </Filter>
    <Filter Include="source files\sys">
      <UniqueIdentifier>{aabbfc7c-cdc5-4076-8e7f-26cc5c5eddac}</UniqueIdentifier>
    </Filter>
  </ItemGroup>
  <ItemGroup>
    <ClCompile Include="source\stdafx.cpp">
      <Filter>source files</Filter>
    </ClCompile>
    <ClCompile Include="source\sys\app.cpp">
      <Filter>source files\sys</Filter>
    </ClCompile>
    <ClCompile Include="source\sys\app_wndproc.cpp">
      <Filter>source files\sys</Filter>
    </ClCompile>
    <ClCompile Include="source\sys\main.cpp">
      <Filter>source files\sys</Filter>
    </ClCompile>
    <ClCompile Include="source\main_thread.cpp">
      <Filter>source files</Filter>
    </ClCompile>
  </ItemGroup>
  <ItemGroup>
    <ClInclude Include="source\stdafx.h">
      <Filter>source files</Filter>
    </ClInclude>
    <ClInclude Include="source\targetver.h">
      <Filter>source files</Filter>
    </ClInclude>
    <ClInclude Include="resource\Resource.h">
      <Filter>resource files</Filter>
    </ClInclude>
    <ClInclude Include="source\sys\app.h">
      <Filter>source files\sys</Filter>
    </ClInclude>
    <ClInclude Include="source\sys\app_wndproc.h">
      <Filter>source files\sys</Filter>
    </ClInclude>
    <ClInclude Include="source\sys\main.h">
      <Filter>source files\sys</Filter>
    </ClInclude>
    <ClInclude Include="source\main_thread.h">
      <Filter>source files</Filter>
    </ClInclude>
  </ItemGroup>
  <ItemGroup>
    <Image Include="resource\ModelViewer.ico">
      <Filter>resource files</Filter>
    </Image>
    <Image Include="resource\small.ico">
      <Filter>resource files</Filter>
    </Image>
  </ItemGroup>
  <ItemGroup>
    <ResourceCompile Include="resource\ModelViewer.rc">
      <Filter>resource files</Filter>
    </ResourceCompile>
  </ItemGroup>
</Project>