<?xml version="1.0" encoding="utf-8"?>
<Project ToolsVersion="4.0" xmlns="http://schemas.microsoft.com/developer/msbuild/2003">
  <ItemGroup>
    <Filter Include="source files">
      <UniqueIdentifier>{4FC737F1-C7A5-4376-A066-2A32D752A2FF}</UniqueIdentifier>
      <Extensions>cpp;c;cc;cxx;def;odl;idl;hpj;bat;asm;asmx</Extensions>
    </Filter>
    <Filter Include="header files">
      <UniqueIdentifier>{93995380-89BD-4b04-88EB-625FBE52EBFB}</UniqueIdentifier>
      <Extensions>h;hh;hpp;hxx;hm;inl;inc;xsd</Extensions>
    </Filter>
    <Filter Include="source files\debug">
      <UniqueIdentifier>{84b70f3d-b24a-4bbd-a879-0f6273ca5c08}</UniqueIdentifier>
    </Filter>
    <Filter Include="source files\core">
      <UniqueIdentifier>{6b95885d-a6f8-44c3-bb1b-9f180ff0da4f}</UniqueIdentifier>
    </Filter>
    <Filter Include="header files\core">
      <UniqueIdentifier>{547dcef0-5637-4900-9883-2570fc21be9a}</UniqueIdentifier>
    </Filter>
    <Filter Include="header files\debug">
      <UniqueIdentifier>{2e15f862-d441-4a5f-b8b5-fc3e61d5a1eb}</UniqueIdentifier>
    </Filter>
    <Filter Include="header files\container">
      <UniqueIdentifier>{d9027434-8d85-445c-be33-2aa504af8287}</UniqueIdentifier>
    </Filter>
    <Filter Include="header files\file">
      <UniqueIdentifier>{2aae073d-ef8a-453b-844c-88ad56f7646b}</UniqueIdentifier>
    </Filter>
    <Filter Include="header files\misc">
      <UniqueIdentifier>{a0666318-ab45-409c-b98a-4064d3f09ab3}</UniqueIdentifier>
    </Filter>
    <Filter Include="source files\file">
      <UniqueIdentifier>{21936a83-9cd6-4d96-9496-9fd51a5c2f6d}</UniqueIdentifier>
    </Filter>
    <Filter Include="header files\resource">
      <UniqueIdentifier>{821fcac5-ee1e-42e6-b0c1-6caab974179c}</UniqueIdentifier>
    </Filter>
    <Filter Include="source files\resource">
      <UniqueIdentifier>{cae8b6e8-b8b2-4ec9-9d0a-6c02e3c4bd13}</UniqueIdentifier>
    </Filter>
    <Filter Include="header files\resource\detail">
      <UniqueIdentifier>{a76f8e0b-af6a-4414-9dac-e2b73d643dba}</UniqueIdentifier>
    </Filter>
  </ItemGroup>
  <ItemGroup>
    <ClInclude Include="include\core\fw_define.h">
      <Filter>header files\core</Filter>
    </ClInclude>
    <ClInclude Include="include\core\fw_types.h">
      <Filter>header files\core</Filter>
    </ClInclude>
    <ClInclude Include="include\debug\fw_debug_log.h">
      <Filter>header files\debug</Filter>
    </ClInclude>
    <ClInclude Include="include\debug\fw_debug_log_type.h">
      <Filter>header files\debug</Filter>
    </ClInclude>
    <ClInclude Include="source\precompiled.h">
      <Filter>header files</Filter>
    </ClInclude>
    <ClInclude Include="include\core\fw_allocator.h">
      <Filter>header files\core</Filter>
    </ClInclude>
    <ClInclude Include="include\debug\fw_debug_log_listener.h">
      <Filter>header files\debug</Filter>
    </ClInclude>
    <ClInclude Include="include\debug\fw_assert.h">
      <Filter>header files\debug</Filter>
    </ClInclude>
    <ClInclude Include="include\container\fw_array.h">
      <Filter>header files\container</Filter>
    </ClInclude>
    <ClInclude Include="include\container\fw_container_allocator.h">
      <Filter>header files\container</Filter>
    </ClInclude>
    <ClInclude Include="include\container\fw_deque.h">
      <Filter>header files\container</Filter>
    </ClInclude>
    <ClInclude Include="include\container\fw_vector.h">
      <Filter>header files\container</Filter>
    </ClInclude>
    <ClInclude Include="include\file\fw_path.h">
      <Filter>header files\file</Filter>
    </ClInclude>
    <ClInclude Include="include\container\fw_string.h">
      <Filter>header files\container</Filter>
    </ClInclude>
    <ClInclude Include="include\file\fw_file.h">
      <Filter>header files\file</Filter>
    </ClInclude>
    <ClInclude Include="include\misc\fw_noncopyable.h">
      <Filter>header files\misc</Filter>
    </ClInclude>
    <ClInclude Include="include\file\fw_file_manager.h">
      <Filter>header files\file</Filter>
    </ClInclude>
    <ClInclude Include="include\core\fw_error.h">
      <Filter>header files\core</Filter>
    </ClInclude>
    <ClInclude Include="include\file\fw_file_types.h">
      <Filter>header files\file</Filter>
    </ClInclude>
    <ClInclude Include="include\file\fw_file_stream.h">
      <Filter>header files\file</Filter>
    </ClInclude>
    <ClInclude Include="include\misc\fw_fsm.h">
      <Filter>header files\misc</Filter>
    </ClInclude>
    <ClInclude Include="include\core\fw_thread.h">
      <Filter>header files\core</Filter>
    </ClInclude>
    <ClInclude Include="include\core\fw_build_config.h">
      <Filter>header files\core</Filter>
    </ClInclude>
    <ClInclude Include="include\fw_core.h">
      <Filter>header files</Filter>
    </ClInclude>
    <ClInclude Include="include\resource\fw_res.h">
      <Filter>header files\resource</Filter>
    </ClInclude>
    <ClInclude Include="include\resource\fw_res_manager.h">
      <Filter>header files\resource</Filter>
    </ClInclude>
    <ClInclude Include="include\resource\fw_res_types.h">
      <Filter>header files\resource</Filter>
    </ClInclude>
    <ClInclude Include="include\resource\fw_res_package.h">
      <Filter>header files\resource</Filter>
    </ClInclude>
    <ClInclude Include="include\resource\detail\fw_res_manager_impl.h">
      <Filter>header files\resource\detail</Filter>
    </ClInclude>
  </ItemGroup>
  <ItemGroup>
    <ClCompile Include="source\debug\fw_debug_log.cpp">
      <Filter>source files\debug</Filter>
    </ClCompile>
    <ClCompile Include="source\precompiled.cpp">
      <Filter>source files</Filter>
    </ClCompile>
    <ClCompile Include="source\core\fw_allocator.cpp">
      <Filter>source files\core</Filter>
    </ClCompile>
    <ClCompile Include="source\file\fw_path.cpp">
      <Filter>source files\file</Filter>
    </ClCompile>
    <ClCompile Include="source\file\fw_file.cpp">
      <Filter>source files\file</Filter>
    </ClCompile>
    <ClCompile Include="source\file\fw_file_manager.cpp">
      <Filter>source files\file</Filter>
    </ClCompile>
    <ClCompile Include="source\core\fw_thread.cpp">
      <Filter>source files\core</Filter>
    </ClCompile>
    <ClCompile Include="source\fw_core.cpp">
      <Filter>source files</Filter>
    </ClCompile>
    <ClCompile Include="source\resource\fw_res_manager.cpp">
      <Filter>source files\resource</Filter>
    </ClCompile>
    <ClCompile Include="source\resource\fw_res_package.cpp">
      <Filter>source files\resource</Filter>
    </ClCompile>
  </ItemGroup>
</Project>